{
  "name": "FrontEnd",
  "lockfileVersion": 3,
  "requires": true,
  "packages": {
    "": {
      "dependencies": {
        "google-fonts": "^1.0.0",
        "katex": "^0.16.7"
      }
    },
    "node_modules/commander": {
      "version": "8.3.0",
      "resolved": "https://registry.npmjs.org/commander/-/commander-8.3.0.tgz",
      "integrity": "sha512-OkTL9umf+He2DZkUq8f8J9of7yL6RJKI24dVITBmNfZBmri9zYZQrKkuXiKhyfPSu8tUhnVBB1iKXevvnlR4Ww==",
      "engines": {
        "node": ">= 12"
      }
    },
    "node_modules/google-fonts": {
      "version": "1.0.0",
      "resolved": "https://registry.npmjs.org/google-fonts/-/google-fonts-1.0.0.tgz",
      "integrity": "sha512-i3zzI697L9WdmnaSqYB5KYN2fqDpjfpW+UTBdzhmte6JSvS2GOczZZtfocpWhwPwPqsEAH76/46DrsnD5W6BQQ=="
    },
    "node_modules/katex": {
      "version": "0.16.7",
      "resolved": "https://registry.npmjs.org/katex/-/katex-0.16.7.tgz",
      "integrity": "sha512-Xk9C6oGKRwJTfqfIbtr0Kes9OSv6IFsuhFGc7tW4urlpMJtuh+7YhzU6YEG9n8gmWKcMAFzkp7nr+r69kV0zrA==",
      "funding": [
        "https://opencollective.com/katex",
        "https://github.com/sponsors/katex"
      ],
      "dependencies": {
        "commander": "^8.3.0"
      },
      "bin": {
        "katex": "cli.js"
      }
    }
  }
}
