{
  "name": "FrontEnd",
  "lockfileVersion": 3,
  "requires": true,
  "packages": {
    "": {
      "dependencies": {
        "katex": "^0.16.7",
        "react-mathjax": "^1.0.1",
        "react-mathquill": "^1.0.3"
      }
    },
    "node_modules/commander": {
      "version": "8.3.0",
      "resolved": "https://registry.npmjs.org/commander/-/commander-8.3.0.tgz",
      "integrity": "sha512-OkTL9umf+He2DZkUq8f8J9of7yL6RJKI24dVITBmNfZBmri9zYZQrKkuXiKhyfPSu8tUhnVBB1iKXevvnlR4Ww==",
      "engines": {
        "node": ">= 12"
      }
    },
    "node_modules/katex": {
      "version": "0.16.7",
      "resolved": "https://registry.npmjs.org/katex/-/katex-0.16.7.tgz",
      "integrity": "sha512-Xk9C6oGKRwJTfqfIbtr0Kes9OSv6IFsuhFGc7tW4urlpMJtuh+7YhzU6YEG9n8gmWKcMAFzkp7nr+r69kV0zrA==",
      "funding": [
        "https://opencollective.com/katex",
        "https://github.com/sponsors/katex"
      ],
      "dependencies": {
        "commander": "^8.3.0"
      },
      "bin": {
        "katex": "cli.js"
      }
    },
    "node_modules/load-script": {
      "version": "1.0.0",
      "resolved": "https://registry.npmjs.org/load-script/-/load-script-1.0.0.tgz",
      "integrity": "sha512-kPEjMFtZvwL9TaZo0uZ2ml+Ye9HUMmPwbYRJ324qF9tqMejwykJ5ggTyvzmrbBeapCAbk98BSbTeovHEEP1uCA=="
    },
    "node_modules/react-mathjax": {
      "version": "1.0.1",
      "resolved": "https://registry.npmjs.org/react-mathjax/-/react-mathjax-1.0.1.tgz",
      "integrity": "sha512-+mjFcciZY3GQoqiQm3aRTyDjgBKuoaXpY+SCONX00jScuPpTKwnASeFMS5+pbTIzDf5zPT2Y9ZZfQ9U/d4CKtQ==",
      "dependencies": {
        "load-script": "^1.0.0"
      },
      "peerDependencies": {
        "react": "^16.3.0"
      }
    },
    "node_modules/react-mathquill": {
      "version": "1.0.3",
      "resolved": "https://registry.npmjs.org/react-mathquill/-/react-mathquill-1.0.3.tgz",
      "integrity": "sha512-H0z0FJsrjgKzXA1kR3rxcQyO28bXyeyMUM13VJ9jAn5cA9SJ35eScE5AK46R0O/H5zRyycGlSo2u+Pdxakbpkg==",
      "peerDependencies": {
        "react": "^18.2.0"
      }
    }
  }
}
